
Microsoft Visual Studio Solution File, Format Version 12.00
# Visual Studio Version 16
VisualStudioVersion = 16.0.28729.10
MinimumVisualStudioVersion = 10.0.40219.1
Project("{FAE04EC0-301F-11D3-BF4B-00C04F79EFBC}") = "SpeedCalc", "SpeedCalc\SpeedCalc.csproj", "{4D42B6AB-54E0-4B66-A7EA-7D906A7E7B68}"
EndProject
Global
	GlobalSection(SolutionConfigurationPlatforms) = preSolution
		Debug|Any CPU = Debug|Any CPU
		Release|Any CPU = Release|Any CPU
	EndGlobalSection
	GlobalSection(ProjectConfigurationPlatforms) = postSolution
		{4D42B6AB-54E0-4B66-A7EA-7D906A7E7B68}.Debug|Any CPU.ActiveCfg = Debug|Any CPU
		{4D42B6AB-54E0-4B66-A7EA-7D906A7E7B68}.Debug|Any CPU.Build.0 = Debug|Any CPU
		{4D42B6AB-54E0-4B66-A7EA-7D906A7E7B68}.Release|Any CPU.ActiveCfg = Release|Any CPU
		{4D42B6AB-54E0-4B66-A7EA-7D906A7E7B68}.Release|Any CPU.Build.0 = Release|Any CPU
	EndGlobalSection
	GlobalSection(SolutionProperties) = preSolution
		HideSolutionNode = FALSE
	EndGlobalSection
	GlobalSection(ExtensibilityGlobals) = postSolution
		SolutionGuid = {8D34BC57-BE1E-47B9-ABF3-2CADE82E252F}
	EndGlobalSection
EndGlobal
